
Microsoft Visual Studio Solution File, Format Version 12.00
# Visual Studio Version 17
VisualStudioVersion = 17.7.34018.315
MinimumVisualStudioVersion = 10.0.40219.1
Project("{2150E333-8FDC-42A3-9474-1A3956D46DE8}") = "FrontEnd", "FrontEnd", "{2F0CE3F6-3ECB-47FE-8AE0-45FA6026B110}"
EndProject
Project("{2150E333-8FDC-42A3-9474-1A3956D46DE8}") = "Gateway", "Gateway", "{AC601FB5-3CA3-4650-8072-BE13DAA4E84E}"
EndProject
Project("{2150E333-8FDC-42A3-9474-1A3956D46DE8}") = "Integration", "Integration", "{DC81374A-0215-4F00-826C-552BAD22F4AF}"
EndProject
Project("{2150E333-8FDC-42A3-9474-1A3956D46DE8}") = "Services", "Services", "{1CEA6304-A9CF-42D1-97E4-0986B4C0BEBF}"
EndProject
Project("{9A19103F-16F7-4668-BE54-9A1E7A4F7556}") = "Mango.Services.CouponAPI", "Mango.Services.CouponAPI\Mango.Services.CouponAPI.csproj", "{26B233A8-3F3C-43FE-8E65-F29544AB2792}"
EndProject
Project("{9A19103F-16F7-4668-BE54-9A1E7A4F7556}") = "Mango.Web", "Mango.Web\Mango.Web.csproj", "{5F768175-D4F3-413C-ADA3-017AADEA3A12}"
EndProject
Project("{FAE04EC0-301F-11D3-BF4B-00C04F79EFBC}") = "Mango.Services.AuthAPI", "Mango.Services.AuthAPI\Mango.Services.AuthAPI.csproj", "{783E2EE7-81F5-4317-A990-9232420888FA}"
EndProject
Global
	GlobalSection(SolutionConfigurationPlatforms) = preSolution
		Debug|Any CPU = Debug|Any CPU
		Release|Any CPU = Release|Any CPU
	EndGlobalSection
	GlobalSection(ProjectConfigurationPlatforms) = postSolution
		{26B233A8-3F3C-43FE-8E65-F29544AB2792}.Debug|Any CPU.ActiveCfg = Debug|Any CPU
		{26B233A8-3F3C-43FE-8E65-F29544AB2792}.Debug|Any CPU.Build.0 = Debug|Any CPU
		{26B233A8-3F3C-43FE-8E65-F29544AB2792}.Release|Any CPU.ActiveCfg = Release|Any CPU
		{26B233A8-3F3C-43FE-8E65-F29544AB2792}.Release|Any CPU.Build.0 = Release|Any CPU
		{5F768175-D4F3-413C-ADA3-017AADEA3A12}.Debug|Any CPU.ActiveCfg = Debug|Any CPU
		{5F768175-D4F3-413C-ADA3-017AADEA3A12}.Debug|Any CPU.Build.0 = Debug|Any CPU
		{5F768175-D4F3-413C-ADA3-017AADEA3A12}.Release|Any CPU.ActiveCfg = Release|Any CPU
		{5F768175-D4F3-413C-ADA3-017AADEA3A12}.Release|Any CPU.Build.0 = Release|Any CPU
		{783E2EE7-81F5-4317-A990-9232420888FA}.Debug|Any CPU.ActiveCfg = Debug|Any CPU
		{783E2EE7-81F5-4317-A990-9232420888FA}.Debug|Any CPU.Build.0 = Debug|Any CPU
		{783E2EE7-81F5-4317-A990-9232420888FA}.Release|Any CPU.ActiveCfg = Release|Any CPU
		{783E2EE7-81F5-4317-A990-9232420888FA}.Release|Any CPU.Build.0 = Release|Any CPU
	EndGlobalSection
	GlobalSection(SolutionProperties) = preSolution
		HideSolutionNode = FALSE
	EndGlobalSection
	GlobalSection(NestedProjects) = preSolution
		{26B233A8-3F3C-43FE-8E65-F29544AB2792} = {1CEA6304-A9CF-42D1-97E4-0986B4C0BEBF}
		{5F768175-D4F3-413C-ADA3-017AADEA3A12} = {2F0CE3F6-3ECB-47FE-8AE0-45FA6026B110}
		{783E2EE7-81F5-4317-A990-9232420888FA} = {1CEA6304-A9CF-42D1-97E4-0986B4C0BEBF}
	EndGlobalSection
	GlobalSection(ExtensibilityGlobals) = postSolution
		SolutionGuid = {7FA6D202-9BD0-4F97-AD3B-E81CD42DD6B0}
	EndGlobalSection
EndGlobal
